// !$*UTF8*$!
{
	archiveVersion = 1;
	classes = {
	};
	objectVersion = 50;
	objects = {

/* Begin PBXBuildFile section */
		31CE5BBF228B4E72008E6FAB /* AppDelegate.swift in Sources */ = {isa = PBXBuildFile; fileRef = 31CE5BBE228B4E72008E6FAB /* AppDelegate.swift */; };
		31CE5BC4228B4E72008E6FAB /* Main.storyboard in Resources */ = {isa = PBXBuildFile; fileRef = 31CE5BC2228B4E72008E6FAB /* Main.storyboard */; };
		31CE5BC6228B4E82008E6FAB /* Assets.xcassets in Resources */ = {isa = PBXBuildFile; fileRef = 31CE5BC5228B4E82008E6FAB /* Assets.xcassets */; };
		31CE5BC9228B4E82008E6FAB /* LaunchScreen.storyboard in Resources */ = {isa = PBXBuildFile; fileRef = 31CE5BC7228B4E82008E6FAB /* LaunchScreen.storyboard */; };
		31CE5BD2228B4EB5008E6FAB /* API_Errors.swift in Sources */ = {isa = PBXBuildFile; fileRef = 31CE5BD0228B4EB5008E6FAB /* API_Errors.swift */; };
		31CE5BD3228B4EB5008E6FAB /* API_Client.swift in Sources */ = {isa = PBXBuildFile; fileRef = 31CE5BD1228B4EB5008E6FAB /* API_Client.swift */; };
		31CE5BD9228B4EE4008E6FAB /* Filter.swift in Sources */ = {isa = PBXBuildFile; fileRef = 31CE5BD4228B4EE3008E6FAB /* Filter.swift */; };
		31CE5BDA228B4EE4008E6FAB /* Enums.swift in Sources */ = {isa = PBXBuildFile; fileRef = 31CE5BD5228B4EE3008E6FAB /* Enums.swift */; };
		31CE5BDB228B4EE4008E6FAB /* Comment.swift in Sources */ = {isa = PBXBuildFile; fileRef = 31CE5BD6228B4EE3008E6FAB /* Comment.swift */; };
		31CE5BDC228B4EE4008E6FAB /* Post.swift in Sources */ = {isa = PBXBuildFile; fileRef = 31CE5BD7228B4EE3008E6FAB /* Post.swift */; };
		31CE5BDD228B4EE4008E6FAB /* Reply.swift in Sources */ = {isa = PBXBuildFile; fileRef = 31CE5BD8228B4EE4008E6FAB /* Reply.swift */; };
		31CE5BDF228B4F0D008E6FAB /* NonEditableTextField.swift in Sources */ = {isa = PBXBuildFile; fileRef = 31CE5BDE228B4F0D008E6FAB /* NonEditableTextField.swift */; };
		31CE5BE1228B4F24008E6FAB /* UIViewController Extensions.swift in Sources */ = {isa = PBXBuildFile; fileRef = 31CE5BE0228B4F24008E6FAB /* UIViewController Extensions.swift */; };
		31CE5BE3228B5075008E6FAB /* PostViewController.swift in Sources */ = {isa = PBXBuildFile; fileRef = 31CE5BE2228B5074008E6FAB /* PostViewController.swift */; };
/* End PBXBuildFile section */

/* Begin PBXFileReference section */
		31CE5BBB228B4E72008E6FAB /* ATP_RSady.app */ = {isa = PBXFileReference; explicitFileType = wrapper.application; includeInIndex = 0; path = ATP_RSady.app; sourceTree = BUILT_PRODUCTS_DIR; };
		31CE5BBE228B4E72008E6FAB /* AppDelegate.swift */ = {isa = PBXFileReference; lastKnownFileType = sourcecode.swift; path = AppDelegate.swift; sourceTree = "<group>"; };
		31CE5BC3228B4E72008E6FAB /* Base */ = {isa = PBXFileReference; lastKnownFileType = file.storyboard; name = Base; path = Base.lproj/Main.storyboard; sourceTree = "<group>"; };
		31CE5BC5228B4E82008E6FAB /* Assets.xcassets */ = {isa = PBXFileReference; lastKnownFileType = folder.assetcatalog; path = Assets.xcassets; sourceTree = "<group>"; };
		31CE5BC8228B4E82008E6FAB /* Base */ = {isa = PBXFileReference; lastKnownFileType = file.storyboard; name = Base; path = Base.lproj/LaunchScreen.storyboard; sourceTree = "<group>"; };
		31CE5BCA228B4E82008E6FAB /* Info.plist */ = {isa = PBXFileReference; lastKnownFileType = text.plist.xml; path = Info.plist; sourceTree = "<group>"; };
		31CE5BD0228B4EB5008E6FAB /* API_Errors.swift */ = {isa = PBXFileReference; fileEncoding = 4; lastKnownFileType = sourcecode.swift; path = API_Errors.swift; sourceTree = "<group>"; };
		31CE5BD1228B4EB5008E6FAB /* API_Client.swift */ = {isa = PBXFileReference; fileEncoding = 4; lastKnownFileType = sourcecode.swift; path = API_Client.swift; sourceTree = "<group>"; };
		31CE5BD4228B4EE3008E6FAB /* Filter.swift */ = {isa = PBXFileReference; fileEncoding = 4; lastKnownFileType = sourcecode.swift; path = Filter.swift; sourceTree = "<group>"; };
		31CE5BD5228B4EE3008E6FAB /* Enums.swift */ = {isa = PBXFileReference; fileEncoding = 4; lastKnownFileType = sourcecode.swift; path = Enums.swift; sourceTree = "<group>"; };
		31CE5BD6228B4EE3008E6FAB /* Comment.swift */ = {isa = PBXFileReference; fileEncoding = 4; lastKnownFileType = sourcecode.swift; path = Comment.swift; sourceTree = "<group>"; };
		31CE5BD7228B4EE3008E6FAB /* Post.swift */ = {isa = PBXFileReference; fileEncoding = 4; lastKnownFileType = sourcecode.swift; path = Post.swift; sourceTree = "<group>"; };
		31CE5BD8228B4EE4008E6FAB /* Reply.swift */ = {isa = PBXFileReference; fileEncoding = 4; lastKnownFileType = sourcecode.swift; path = Reply.swift; sourceTree = "<group>"; };
		31CE5BDE228B4F0D008E6FAB /* NonEditableTextField.swift */ = {isa = PBXFileReference; fileEncoding = 4; lastKnownFileType = sourcecode.swift; path = NonEditableTextField.swift; sourceTree = "<group>"; };
		31CE5BE0228B4F24008E6FAB /* UIViewController Extensions.swift */ = {isa = PBXFileReference; fileEncoding = 4; lastKnownFileType = sourcecode.swift; path = "UIViewController Extensions.swift"; sourceTree = "<group>"; };
		31CE5BE2228B5074008E6FAB /* PostViewController.swift */ = {isa = PBXFileReference; fileEncoding = 4; lastKnownFileType = sourcecode.swift; path = PostViewController.swift; sourceTree = "<group>"; };
/* End PBXFileReference section */

/* Begin PBXFrameworksBuildPhase section */
		31CE5BB8228B4E72008E6FAB /* Frameworks */ = {
			isa = PBXFrameworksBuildPhase;
			buildActionMask = 2147483647;
			files = (
			);
			runOnlyForDeploymentPostprocessing = 0;
		};
/* End PBXFrameworksBuildPhase section */

/* Begin PBXGroup section */
		31CE5BB2228B4E72008E6FAB = {
			isa = PBXGroup;
			children = (
				31CE5BBD228B4E72008E6FAB /* ATP_RSady */,
				31CE5BBC228B4E72008E6FAB /* Products */,
			);
			sourceTree = "<group>";
		};
		31CE5BBC228B4E72008E6FAB /* Products */ = {
			isa = PBXGroup;
			children = (
				31CE5BBB228B4E72008E6FAB /* ATP_RSady.app */,
			);
			name = Products;
			sourceTree = "<group>";
		};
		31CE5BBD228B4E72008E6FAB /* ATP_RSady */ = {
			isa = PBXGroup;
			children = (
				31CE5BBE228B4E72008E6FAB /* AppDelegate.swift */,
				31CE5BC2228B4E72008E6FAB /* Main.storyboard */,
				31CE5BD1228B4EB5008E6FAB /* API_Client.swift */,
				31CE5BD0228B4EB5008E6FAB /* API_Errors.swift */,
				31CE5BD6228B4EE3008E6FAB /* Comment.swift */,
				31CE5BD5228B4EE3008E6FAB /* Enums.swift */,
				31CE5BD4228B4EE3008E6FAB /* Filter.swift */,
				31CE5BD7228B4EE3008E6FAB /* Post.swift */,
				31CE5BD8228B4EE4008E6FAB /* Reply.swift */,
				31CE5BDE228B4F0D008E6FAB /* NonEditableTextField.swift */,
				31CE5BE2228B5074008E6FAB /* PostViewController.swift */,
				31CE5BE0228B4F24008E6FAB /* UIViewController Extensions.swift */,
				31CE5BC5228B4E82008E6FAB /* Assets.xcassets */,
				31CE5BC7228B4E82008E6FAB /* LaunchScreen.storyboard */,
				31CE5BCA228B4E82008E6FAB /* Info.plist */,
			);
			path = ATP_RSady;
			sourceTree = "<group>";
		};
/* End PBXGroup section */

/* Begin PBXNativeTarget section */
		31CE5BBA228B4E72008E6FAB /* ATP_RSady */ = {
			isa = PBXNativeTarget;
			buildConfigurationList = 31CE5BCD228B4E82008E6FAB /* Build configuration list for PBXNativeTarget "ATP_RSady" */;
			buildPhases = (
				31CE5BB7228B4E72008E6FAB /* Sources */,
				31CE5BB8228B4E72008E6FAB /* Frameworks */,
				31CE5BB9228B4E72008E6FAB /* Resources */,
			);
			buildRules = (
			);
			dependencies = (
			);
			name = ATP_RSady;
			productName = ATP_RSady;
			productReference = 31CE5BBB228B4E72008E6FAB /* ATP_RSady.app */;
			productType = "com.apple.product-type.application";
		};
/* End PBXNativeTarget section */

/* Begin PBXProject section */
		31CE5BB3228B4E72008E6FAB /* Project object */ = {
			isa = PBXProject;
			attributes = {
				LastSwiftUpdateCheck = 1020;
				LastUpgradeCheck = 1020;
				ORGANIZATIONNAME = "Ryan Sady";
				TargetAttributes = {
					31CE5BBA228B4E72008E6FAB = {
						CreatedOnToolsVersion = 10.2.1;
					};
				};
			};
			buildConfigurationList = 31CE5BB6228B4E72008E6FAB /* Build configuration list for PBXProject "ATP_RSady" */;
			compatibilityVersion = "Xcode 9.3";
			developmentRegion = en;
			hasScannedForEncodings = 0;
			knownRegions = (
				en,
				Base,
			);
			mainGroup = 31CE5BB2228B4E72008E6FAB;
			productRefGroup = 31CE5BBC228B4E72008E6FAB /* Products */;
			projectDirPath = "";
			projectRoot = "";
			targets = (
				31CE5BBA228B4E72008E6FAB /* ATP_RSady */,
			);
		};
/* End PBXProject section */

/* Begin PBXResourcesBuildPhase section */
		31CE5BB9228B4E72008E6FAB /* Resources */ = {
			isa = PBXResourcesBuildPhase;
			buildActionMask = 2147483647;
			files = (
				31CE5BC9228B4E82008E6FAB /* LaunchScreen.storyboard in Resources */,
				31CE5BC6228B4E82008E6FAB /* Assets.xcassets in Resources */,
				31CE5BC4228B4E72008E6FAB /* Main.storyboard in Resources */,
			);
			runOnlyForDeploymentPostprocessing = 0;
		};
/* End PBXResourcesBuildPhase section */

/* Begin PBXSourcesBuildPhase section */
		31CE5BB7228B4E72008E6FAB /* Sources */ = {
			isa = PBXSourcesBuildPhase;
			buildActionMask = 2147483647;
			files = (
				31CE5BBF228B4E72008E6FAB /* AppDelegate.swift in Sources */,
				31CE5BDB228B4EE4008E6FAB /* Comment.swift in Sources */,
				31CE5BDD228B4EE4008E6FAB /* Reply.swift in Sources */,
				31CE5BDF228B4F0D008E6FAB /* NonEditableTextField.swift in Sources */,
				31CE5BD9228B4EE4008E6FAB /* Filter.swift in Sources */,
				31CE5BDA228B4EE4008E6FAB /* Enums.swift in Sources */,
				31CE5BD3228B4EB5008E6FAB /* API_Client.swift in Sources */,
				31CE5BE1228B4F24008E6FAB /* UIViewController Extensions.swift in Sources */,
				31CE5BDC228B4EE4008E6FAB /* Post.swift in Sources */,
				31CE5BD2228B4EB5008E6FAB /* API_Errors.swift in Sources */,
				31CE5BE3228B5075008E6FAB /* PostViewController.swift in Sources */,
			);
			runOnlyForDeploymentPostprocessing = 0;
		};
/* End PBXSourcesBuildPhase section */

/* Begin PBXVariantGroup section */
		31CE5BC2228B4E72008E6FAB /* Main.storyboard */ = {
			isa = PBXVariantGroup;
			children = (
				31CE5BC3228B4E72008E6FAB /* Base */,
			);
			name = Main.storyboard;
			sourceTree = "<group>";
		};
		31CE5BC7228B4E82008E6FAB /* LaunchScreen.storyboard */ = {
			isa = PBXVariantGroup;
			children = (
				31CE5BC8228B4E82008E6FAB /* Base */,
			);
			name = LaunchScreen.storyboard;
			sourceTree = "<group>";
		};
/* End PBXVariantGroup section */

/* Begin XCBuildConfiguration section */
		31CE5BCB228B4E82008E6FAB /* Debug */ = {
			isa = XCBuildConfiguration;
			buildSettings = {
				ALWAYS_SEARCH_USER_PATHS = NO;
				CLANG_ANALYZER_NONNULL = YES;
				CLANG_ANALYZER_NUMBER_OBJECT_CONVERSION = YES_AGGRESSIVE;
				CLANG_CXX_LANGUAGE_STANDARD = "gnu++14";
				CLANG_CXX_LIBRARY = "libc++";
				CLANG_ENABLE_MODULES = YES;
				CLANG_ENABLE_OBJC_ARC = YES;
				CLANG_ENABLE_OBJC_WEAK = YES;
				CLANG_WARN_BLOCK_CAPTURE_AUTORELEASING = YES;
				CLANG_WARN_BOOL_CONVERSION = YES;
				CLANG_WARN_COMMA = YES;
				CLANG_WARN_CONSTANT_CONVERSION = YES;
				CLANG_WARN_DEPRECATED_OBJC_IMPLEMENTATIONS = YES;
				CLANG_WARN_DIRECT_OBJC_ISA_USAGE = YES_ERROR;
				CLANG_WARN_DOCUMENTATION_COMMENTS = YES;
				CLANG_WARN_EMPTY_BODY = YES;
				CLANG_WARN_ENUM_CONVERSION = YES;
				CLANG_WARN_INFINITE_RECURSION = YES;
				CLANG_WARN_INT_CONVERSION = YES;
				CLANG_WARN_NON_LITERAL_NULL_CONVERSION = YES;
				CLANG_WARN_OBJC_IMPLICIT_RETAIN_SELF = YES;
				CLANG_WARN_OBJC_LITERAL_CONVERSION = YES;
				CLANG_WARN_OBJC_ROOT_CLASS = YES_ERROR;
				CLANG_WARN_RANGE_LOOP_ANALYSIS = YES;
				CLANG_WARN_STRICT_PROTOTYPES = YES;
				CLANG_WARN_SUSPICIOUS_MOVE = YES;
				CLANG_WARN_UNGUARDED_AVAILABILITY = YES_AGGRESSIVE;
				CLANG_WARN_UNREACHABLE_CODE = YES;
				CLANG_WARN__DUPLICATE_METHOD_MATCH = YES;
				CODE_SIGN_IDENTITY = "iPhone Developer";
				COPY_PHASE_STRIP = NO;
				DEBUG_INFORMATION_FORMAT = dwarf;
				ENABLE_STRICT_OBJC_MSGSEND = YES;
				ENABLE_TESTABILITY = YES;
				GCC_C_LANGUAGE_STANDARD = gnu11;
				GCC_DYNAMIC_NO_PIC = NO;
				GCC_NO_COMMON_BLOCKS = YES;
				GCC_OPTIMIZATION_LEVEL = 0;
				GCC_PREPROCESSOR_DEFINITIONS = (
					"DEBUG=1",
					"$(inherited)",
				);
				GCC_WARN_64_TO_32_BIT_CONVERSION = YES;
				GCC_WARN_ABOUT_RETURN_TYPE = YES_ERROR;
				GCC_WARN_UNDECLARED_SELECTOR = YES;
				GCC_WARN_UNINITIALIZED_AUTOS = YES_AGGRESSIVE;
				GCC_WARN_UNUSED_FUNCTION = YES;
				GCC_WARN_UNUSED_VARIABLE = YES;
				IPHONEOS_DEPLOYMENT_TARGET = 12.2;
				MTL_ENABLE_DEBUG_INFO = INCLUDE_SOURCE;
				MTL_FAST_MATH = YES;
				ONLY_ACTIVE_ARCH = YES;
				SDKROOT = iphoneos;
				SWIFT_ACTIVE_COMPILATION_CONDITIONS = DEBUG;
				SWIFT_OPTIMIZATION_LEVEL = "-Onone";
			};
			name = Debug;
		};
		31CE5BCC228B4E82008E6FAB /* Release */ = {
			isa = XCBuildConfiguration;
			buildSettings = {
				ALWAYS_SEARCH_USER_PATHS = NO;
				CLANG_ANALYZER_NONNULL = YES;
				CLANG_ANALYZER_NUMBER_OBJECT_CONVERSION = YES_AGGRESSIVE;
				CLANG_CXX_LANGUAGE_STANDARD = "gnu++14";
				CLANG_CXX_LIBRARY = "libc++";
				CLANG_ENABLE_MODULES = YES;
				CLANG_ENABLE_OBJC_ARC = YES;
				CLANG_ENABLE_OBJC_WEAK = YES;
				CLANG_WARN_BLOCK_CAPTURE_AUTORELEASING = YES;
				CLANG_WARN_BOOL_CONVERSION = YES;
				CLANG_WARN_COMMA = YES;
				CLANG_WARN_CONSTANT_CONVERSION = YES;
				CLANG_WARN_DEPRECATED_OBJC_IMPLEMENTATIONS = YES;
				CLANG_WARN_DIRECT_OBJC_ISA_USAGE = YES_ERROR;
				CLANG_WARN_DOCUMENTATION_COMMENTS = YES;
				CLANG_WARN_EMPTY_BODY = YES;
				CLANG_WARN_ENUM_CONVERSION = YES;
				CLANG_WARN_INFINITE_RECURSION = YES;
				CLANG_WARN_INT_CONVERSION = YES;
				CLANG_WARN_NON_LITERAL_NULL_CONVERSION = YES;
				CLANG_WARN_OBJC_IMPLICIT_RETAIN_SELF = YES;
				CLANG_WARN_OBJC_LITERAL_CONVERSION = YES;
				CLANG_WARN_OBJC_ROOT_CLASS = YES_ERROR;
				CLANG_WARN_RANGE_LOOP_ANALYSIS = YES;
				CLANG_WARN_STRICT_PROTOTYPES = YES;
				CLANG_WARN_SUSPICIOUS_MOVE = YES;
				CLANG_WARN_UNGUARDED_AVAILABILITY = YES_AGGRESSIVE;
				CLANG_WARN_UNREACHABLE_CODE = YES;
				CLANG_WARN__DUPLICATE_METHOD_MATCH = YES;
				CODE_SIGN_IDENTITY = "iPhone Developer";
				COPY_PHASE_STRIP = NO;
				DEBUG_INFORMATION_FORMAT = "dwarf-with-dsym";
				ENABLE_NS_ASSERTIONS = NO;
				ENABLE_STRICT_OBJC_MSGSEND = YES;
				GCC_C_LANGUAGE_STANDARD = gnu11;
				GCC_NO_COMMON_BLOCKS = YES;
				GCC_WARN_64_TO_32_BIT_CONVERSION = YES;
				GCC_WARN_ABOUT_RETURN_TYPE = YES_ERROR;
				GCC_WARN_UNDECLARED_SELECTOR = YES;
				GCC_WARN_UNINITIALIZED_AUTOS = YES_AGGRESSIVE;
				GCC_WARN_UNUSED_FUNCTION = YES;
				GCC_WARN_UNUSED_VARIABLE = YES;
				IPHONEOS_DEPLOYMENT_TARGET = 12.2;
				MTL_ENABLE_DEBUG_INFO = NO;
				MTL_FAST_MATH = YES;
				SDKROOT = iphoneos;
				SWIFT_COMPILATION_MODE = wholemodule;
				SWIFT_OPTIMIZATION_LEVEL = "-O";
				VALIDATE_PRODUCT = YES;
			};
			name = Release;
		};
		31CE5BCE228B4E82008E6FAB /* Debug */ = {
			isa = XCBuildConfiguration;
			buildSettings = {
				ASSETCATALOG_COMPILER_APPICON_NAME = AppIcon;
				CODE_SIGN_STYLE = Automatic;
				DEVELOPMENT_TEAM = 754ADC4875;
				INFOPLIST_FILE = ATP_RSady/Info.plist;
				LD_RUNPATH_SEARCH_PATHS = (
					"$(inherited)",
					"@executable_path/Frameworks",
				);
				PRODUCT_BUNDLE_IDENTIFIER = "com.szadydesigns.ATP-RSady";
				PRODUCT_NAME = "$(TARGET_NAME)";
				SWIFT_VERSION = 5.0;
				TARGETED_DEVICE_FAMILY = "1,2";
			};
			name = Debug;
		};
		31CE5BCF228B4E82008E6FAB /* Release */ = {
			isa = XCBuildConfiguration;
			buildSettings = {
				ASSETCATALOG_COMPILER_APPICON_NAME = AppIcon;
				CODE_SIGN_STYLE = Automatic;
				DEVELOPMENT_TEAM = 754ADC4875;
				INFOPLIST_FILE = ATP_RSady/Info.plist;
				LD_RUNPATH_SEARCH_PATHS = (
					"$(inherited)",
					"@executable_path/Frameworks",
				);
				PRODUCT_BUNDLE_IDENTIFIER = "com.szadydesigns.ATP-RSady";
				PRODUCT_NAME = "$(TARGET_NAME)";
				SWIFT_VERSION = 5.0;
				TARGETED_DEVICE_FAMILY = "1,2";
			};
			name = Release;
		};
/* End XCBuildConfiguration section */

/* Begin XCConfigurationList section */
		31CE5BB6228B4E72008E6FAB /* Build configuration list for PBXProject "ATP_RSady" */ = {
			isa = XCConfigurationList;
			buildConfigurations = (
				31CE5BCB228B4E82008E6FAB /* Debug */,
				31CE5BCC228B4E82008E6FAB /* Release */,
			);
			defaultConfigurationIsVisible = 0;
			defaultConfigurationName = Release;
		};
		31CE5BCD228B4E82008E6FAB /* Build configuration list for PBXNativeTarget "ATP_RSady" */ = {
			isa = XCConfigurationList;
			buildConfigurations = (
				31CE5BCE228B4E82008E6FAB /* Debug */,
				31CE5BCF228B4E82008E6FAB /* Release */,
			);
			defaultConfigurationIsVisible = 0;
			defaultConfigurationName = Release;
		};
/* End XCConfigurationList section */
	};
	rootObject = 31CE5BB3228B4E72008E6FAB /* Project object */;
}
